
Microsoft Visual Studio Solution File, Format Version 12.00
# Visual Studio Version 16
VisualStudioVersion = 16.0.32413.511
MinimumVisualStudioVersion = 10.0.40219.1
Project("{FAE04EC0-301F-11D3-BF4B-00C04F79EFBC}") = "All O`one Data Structure", "All O`one Data Structure\All O`one Data Structure.csproj", "{FDBBCEE6-18C0-4CFA-B10C-9A2889E8854D}"
EndProject
Global
	GlobalSection(SolutionConfigurationPlatforms) = preSolution
		Debug|Any CPU = Debug|Any CPU
		Release|Any CPU = Release|Any CPU
	EndGlobalSection
	GlobalSection(ProjectConfigurationPlatforms) = postSolution
		{FDBBCEE6-18C0-4CFA-B10C-9A2889E8854D}.Debug|Any CPU.ActiveCfg = Debug|Any CPU
		{FDBBCEE6-18C0-4CFA-B10C-9A2889E8854D}.Debug|Any CPU.Build.0 = Debug|Any CPU
		{FDBBCEE6-18C0-4CFA-B10C-9A2889E8854D}.Release|Any CPU.ActiveCfg = Release|Any CPU
		{FDBBCEE6-18C0-4CFA-B10C-9A2889E8854D}.Release|Any CPU.Build.0 = Release|Any CPU
	EndGlobalSection
	GlobalSection(SolutionProperties) = preSolution
		HideSolutionNode = FALSE
	EndGlobalSection
	GlobalSection(ExtensibilityGlobals) = postSolution
		SolutionGuid = {8D5026FC-A9A6-49C0-8FAD-713382B2A416}
	EndGlobalSection
EndGlobal
